
Microsoft Visual Studio Solution File, Format Version 12.00
# Visual Studio Version 16
VisualStudioVersion = 16.0.30204.135
MinimumVisualStudioVersion = 10.0.40219.1
Project("{FAE04EC0-301F-11D3-BF4B-00C04F79EFBC}") = "Tokenizer", "84plusplus\Tokenizer.csproj", "{634B0316-524E-43B1-80FF-013F20F753B4}"
EndProject
Global
	GlobalSection(SolutionConfigurationPlatforms) = preSolution
		Debug|Any CPU = Debug|Any CPU
		Release|Any CPU = Release|Any CPU
	EndGlobalSection
	GlobalSection(ProjectConfigurationPlatforms) = postSolution
		{634B0316-524E-43B1-80FF-013F20F753B4}.Debug|Any CPU.ActiveCfg = Debug|Any CPU
		{634B0316-524E-43B1-80FF-013F20F753B4}.Debug|Any CPU.Build.0 = Debug|Any CPU
		{634B0316-524E-43B1-80FF-013F20F753B4}.Release|Any CPU.ActiveCfg = Release|Any CPU
		{634B0316-524E-43B1-80FF-013F20F753B4}.Release|Any CPU.Build.0 = Release|Any CPU
	EndGlobalSection
	GlobalSection(SolutionProperties) = preSolution
		HideSolutionNode = FALSE
	EndGlobalSection
	GlobalSection(ExtensibilityGlobals) = postSolution
		SolutionGuid = {40491F89-4901-41B3-8675-6D1D66EF403B}
	EndGlobalSection
EndGlobal
